
Microsoft Visual Studio Solution File, Format Version 11.00
# Visual C++ Express 2010
Project("{8BC9CEB8-8B4A-11D0-8D11-00A0C91BC942}") = "C++exercise", "C++exercise\C++exercise.vcxproj", "{E2AEE22E-5D2A-476E-9907-4971B70FFB80}"
EndProject
Global
	GlobalSection(SolutionConfigurationPlatforms) = preSolution
		Debug|Win32 = Debug|Win32
		Release|Win32 = Release|Win32
	EndGlobalSection
	GlobalSection(ProjectConfigurationPlatforms) = postSolution
		{E2AEE22E-5D2A-476E-9907-4971B70FFB80}.Debug|Win32.ActiveCfg = Debug|Win32
		{E2AEE22E-5D2A-476E-9907-4971B70FFB80}.Debug|Win32.Build.0 = Debug|Win32
		{E2AEE22E-5D2A-476E-9907-4971B70FFB80}.Release|Win32.ActiveCfg = Release|Win32
		{E2AEE22E-5D2A-476E-9907-4971B70FFB80}.Release|Win32.Build.0 = Release|Win32
	EndGlobalSection
	GlobalSection(SolutionProperties) = preSolution
		HideSolutionNode = FALSE
	EndGlobalSection
EndGlobal
